{
  "nodes": {
    "nixify-cfg": {
      "inputs": {
        "nixpkgs": [
          "nixpkgs"
        ]
      },
      "locked": {
        "lastModified": 1733357307,
        "narHash": "sha256-K/ruWJTXOYqC612fXDl/X4DWU/YCm6ocOs89aTJ141U=",
        "ref": "refs/heads/master",
        "rev": "dce61810dcf878b93af0db91c9d566d2e07e25b1",
        "revCount": 24,
        "type": "git",
        "url": "file:./nixify-cfg"
      },
      "original": {
        "type": "git",
        "url": "file:./nixify-cfg"
      }
    },
    "nixpkgs": {
      "locked": {
        "lastModified": 1734623593,
        "narHash": "sha256-iA3kxtbds7yOc77oRBz2On9ZmOVI/1Pic+YQtYUyIsg=",
        "owner": "NixOS",
        "repo": "nixpkgs",
        "rev": "8af52ff6ba2ed83047881e877718db3bb02fad85",
        "type": "github"
      },
      "original": {
        "id": "nixpkgs",
        "ref": "nixos-unstable-small",
        "type": "indirect"
      }
    },
    "root": {
      "inputs": {
        "nixify-cfg": "nixify-cfg",
        "nixpkgs": "nixpkgs"
      }
    }
  },
  "root": "root",
  "version": 7
}
