{
  "nodes": {
    "nixify-cfg": {
      "inputs": {
        "nixpkgs": [
          "nixpkgs"
        ]
      },
      "locked": {
        "lastModified": 1762343974,
        "narHash": "sha256-bR/hT/iccTZ7I27Oe2+hXRIc1DxV75Hd4Ai2kPBNU8k=",
        "ref": "refs/heads/master",
        "rev": "465926304aecbca04da36e00c53fa184a141d466",
        "revCount": 42,
        "type": "git",
        "url": "file:///home/jkaisrli/devel/nixos-cfg/nixify-cfg"
      },
      "original": {
        "type": "git",
        "url": "file:///home/jkaisrli/devel/nixos-cfg/nixify-cfg"
      }
    },
    "nixpkgs": {
      "locked": {
        "lastModified": 1762406524,
        "narHash": "sha256-dKJcd9A4Qk/RH3c1awJW0bLngEJO6/TJlrwvGy6U1FA=",
        "owner": "NixOS",
        "repo": "nixpkgs",
        "rev": "f7213c5cd417469224ae36fcaecc142f7a6a95c2",
        "type": "github"
      },
      "original": {
        "id": "nixpkgs",
        "ref": "nixos-unstable-small",
        "type": "indirect"
      }
    },
    "root": {
      "inputs": {
        "nixify-cfg": "nixify-cfg",
        "nixpkgs": "nixpkgs"
      }
    }
  },
  "root": "root",
  "version": 7
}
