{
  "nodes": {
    "nixify-cfg": {
      "inputs": {
        "nixpkgs": [
          "nixpkgs"
        ]
      },
      "locked": {
        "lastModified": 1744701949,
        "narHash": "sha256-tLaKH9ow7cWs6/JJDr3FiFYx5rVuK7yyC7v/G9cC6L0=",
        "ref": "refs/heads/master",
        "rev": "8b7da434ad251adfa3f02f16001c768b77560586",
        "revCount": 32,
        "type": "git",
        "url": "file:///home/jkaisrli/devel/nixos-cfg/nixify-cfg"
      },
      "original": {
        "type": "git",
        "url": "file:///home/jkaisrli/devel/nixos-cfg/nixify-cfg"
      }
    },
    "nixpkgs": {
      "locked": {
        "lastModified": 1744688649,
        "narHash": "sha256-VBWLtBfOUDxTD3Qo7fcrYVAiswKKERuf4f0IiqoCb5k=",
        "owner": "NixOS",
        "repo": "nixpkgs",
        "rev": "41bb44a543ea4c38b2bb5421c42e53437a4f1dc2",
        "type": "github"
      },
      "original": {
        "id": "nixpkgs",
        "ref": "nixos-unstable-small",
        "type": "indirect"
      }
    },
    "root": {
      "inputs": {
        "nixify-cfg": "nixify-cfg",
        "nixpkgs": "nixpkgs"
      }
    }
  },
  "root": "root",
  "version": 7
}
